<?xml version="1.0" encoding="utf-8"?>
<Project ToolsVersion="4.0" xmlns="http://schemas.microsoft.com/developer/msbuild/2003">
  <ItemGroup>
    <Filter Include="Source Files">
      <UniqueIdentifier>{4FC737F1-C7A5-4376-A066-2A32D752A2FF}</UniqueIdentifier>
      <Extensions>cpp;c;cc;cxx;c++;cppm;ixx;def;odl;idl;hpj;bat;asm;asmx</Extensions>
    </Filter>
    <Filter Include="Header Files">
      <UniqueIdentifier>{93995380-89BD-4b04-88EB-625FBE52EBFB}</UniqueIdentifier>
      <Extensions>h;hh;hpp;hxx;h++;hm;inl;inc;ipp;xsd</Extensions>
    </Filter>
    <Filter Include="Resource Files">
      <UniqueIdentifier>{67DA6AB6-F800-4c08-8B7A-83BB121AAD01}</UniqueIdentifier>
      <Extensions>rc;ico;cur;bmp;dlg;rc2;rct;bin;rgs;gif;jpg;jpeg;jpe;resx;tiff;tif;png;wav;mfcribbon-ms</Extensions>
    </Filter>
    <Filter Include="XML Files">
      <UniqueIdentifier>{79edd2dc-9472-4aab-ac55-f8010c393a94}</UniqueIdentifier>
    </Filter>
  </ItemGroup>
  <ItemGroup>
    <ClInclude Include="EDL_dialog_drawingunits.h">
      <Filter>Header Files</Filter>
    </ClInclude>
    <ClInclude Include="EDL_dialog_drawingwindowcolours.h">
      <Filter>Header Files</Filter>
    </ClInclude>
    <ClInclude Include="EDL_dialog_options.h">
      <Filter>Header Files</Filter>
    </ClInclude>
    <ClInclude Include="EDL_dialog_ucsicon.h">
      <Filter>Header Files</Filter>
    </ClInclude>
    <ClInclude Include="EDL_dialog_viewmanager.h">
      <Filter>Header Files</Filter>
    </ClInclude>
    <ClInclude Include="EDL_dialog_viewports.h">
      <Filter>Header Files</Filter>
    </ClInclude>
    <ClInclude Include="EDL_resource.h">
      <Filter>Header Files</Filter>
    </ClInclude>
    <ClInclude Include="EDL_dialog_draftingsettings.h">
      <Filter>Header Files</Filter>
    </ClInclude>
    <ClInclude Include="EDL_dialog_tab.h">
      <Filter>Header Files</Filter>
    </ClInclude>
    <ClInclude Include="EDL_dialog_ucs.h">
      <Filter>Header Files</Filter>
    </ClInclude>
  </ItemGroup>
  <ItemGroup>
    <ResourceCompile Include="EDL_resource.rc">
      <Filter>Resource Files</Filter>
    </ResourceCompile>
  </ItemGroup>
  <ItemGroup>
    <ClCompile Include="EDL_dialog_drawingwindowcolours.cpp">
      <Filter>Source Files</Filter>
    </ClCompile>
    <ClCompile Include="EDL_dialog_options.cpp">
      <Filter>Source Files</Filter>
    </ClCompile>
    <ClCompile Include="EDL_dialog_ucsicon.cpp">
      <Filter>Source Files</Filter>
    </ClCompile>
    <ClCompile Include="EDL_dialog_viewmanager.cpp">
      <Filter>Source Files</Filter>
    </ClCompile>
    <ClCompile Include="EDL_dialog_viewports.cpp">
      <Filter>Source Files</Filter>
    </ClCompile>
    <ClCompile Include="EDL_dialog_draftingsettings.cpp">
      <Filter>Source Files</Filter>
    </ClCompile>
    <ClCompile Include="EDL_dialog_tab.cpp">
      <Filter>Source Files</Filter>
    </ClCompile>
    <ClCompile Include="EDL_dialog_drawingunits.cpp">
      <Filter>Source Files</Filter>
    </ClCompile>
    <ClCompile Include="EDL_dialog_ucs.cpp">
      <Filter>Source Files</Filter>
    </ClCompile>
  </ItemGroup>
  <ItemGroup>
    <Xml Include="EDL_options.xml">
      <Filter>XML Files</Filter>
    </Xml>
    <Xml Include="EDL_draftingsettings.xml">
      <Filter>XML Files</Filter>
    </Xml>
  </ItemGroup>
</Project>