<?xml version="1.0" encoding="utf-8"?>
<Project ToolsVersion="4.0" xmlns="http://schemas.microsoft.com/developer/msbuild/2003">
  <ItemGroup>
    <Filter Include="Source Files">
      <UniqueIdentifier>{4FC737F1-C7A5-4376-A066-2A32D752A2FF}</UniqueIdentifier>
      <Extensions>cpp;c;cc;cxx;c++;cppm;ixx;def;odl;idl;hpj;bat;asm;asmx</Extensions>
    </Filter>
    <Filter Include="Header Files">
      <UniqueIdentifier>{93995380-89BD-4b04-88EB-625FBE52EBFB}</UniqueIdentifier>
      <Extensions>h;hh;hpp;hxx;h++;hm;inl;inc;ipp;xsd</Extensions>
    </Filter>
    <Filter Include="Resource Files">
      <UniqueIdentifier>{67DA6AB6-F800-4c08-8B7A-83BB121AAD01}</UniqueIdentifier>
      <Extensions>rc;ico;cur;bmp;dlg;rc2;rct;bin;rgs;gif;jpg;jpeg;jpe;resx;tiff;tif;png;wav;mfcribbon-ms</Extensions>
    </Filter>
    <Filter Include="XML Files">
      <UniqueIdentifier>{caf143e5-e236-4037-a0df-ea4a31ce4209}</UniqueIdentifier>
    </Filter>
  </ItemGroup>
  <ItemGroup>
    <ClInclude Include="MKE_application.h">
      <Filter>Header Files</Filter>
    </ClInclude>
    <ClInclude Include="MKE_commonfiledialog.h">
      <Filter>Header Files</Filter>
    </ClInclude>
    <ClInclude Include="MKE_resource.h">
      <Filter>Header Files</Filter>
    </ClInclude>
    <ClInclude Include="MKE_sdi_application.h">
      <Filter>Header Files</Filter>
    </ClInclude>
    <ClInclude Include="MKE_mdi_application.h">
      <Filter>Header Files</Filter>
    </ClInclude>
  </ItemGroup>
  <ItemGroup>
    <ClCompile Include="MKE_application.cpp">
      <Filter>Source Files</Filter>
    </ClCompile>
    <ClCompile Include="MKE_commonfiledialog.cpp">
      <Filter>Source Files</Filter>
    </ClCompile>
    <ClCompile Include="MKE_sdi_application.cpp">
      <Filter>Source Files</Filter>
    </ClCompile>
    <ClCompile Include="MKE_mdi_application.cpp">
      <Filter>Source Files</Filter>
    </ClCompile>
  </ItemGroup>
  <ItemGroup>
    <ResourceCompile Include="MKE_resource.rc">
      <Filter>Resource Files</Filter>
    </ResourceCompile>
  </ItemGroup>
  <ItemGroup>
    <Xml Include="MKE_settings.xml">
      <Filter>XML Files</Filter>
    </Xml>
  </ItemGroup>
</Project>