
Microsoft Visual Studio Solution File, Format Version 12.00
# Visual Studio Version 16
VisualStudioVersion = 16.0.32630.194
MinimumVisualStudioVersion = 10.0.40219.1
Project("{8BC9CEB8-8B4A-11D0-8D11-00A0C91BC942}") = "mycad", "mycad.vcxproj", "{03CE948A-4394-4FAF-9EEC-B92C66B9DB86}"
EndProject
Project("{2150E333-8FDC-42A3-9474-1A3956D46DE8}") = "source", "source", "{4E60903F-19E6-4A6C-BC2F-B571624AEC3B}"
EndProject
Project("{2150E333-8FDC-42A3-9474-1A3956D46DE8}") = "intern", "intern", "{492A94C1-522D-4AAD-BD19-F5A4F3751E25}"
EndProject
Project("{2150E333-8FDC-42A3-9474-1A3956D46DE8}") = "extern", "extern", "{812BDE7A-BBD1-47BB-873C-F3D523FAA7BB}"
EndProject
Project("{2150E333-8FDC-42A3-9474-1A3956D46DE8}") = "mycad", "mycad", "{7ED7DE70-F589-4230-99AE-EBF6F903F04C}"
EndProject
Project("{2150E333-8FDC-42A3-9474-1A3956D46DE8}") = "editors", "editors", "{2F1FF3B7-B1BF-46E5-9536-EF26949D61C7}"
EndProject
Project("{8BC9CEB8-8B4A-11D0-8D11-00A0C91BC942}") = "mc_draw", "source\mycad\draw\mc_draw.vcxproj", "{CDF23025-6C19-49D6-A16C-DE4A760A0517}"
EndProject
Project("{8BC9CEB8-8B4A-11D0-8D11-00A0C91BC942}") = "mc_font", "source\mycad\font\mc_font.vcxproj", "{C056A5DC-C4B4-43B6-816B-A98AAAC0C72B}"
EndProject
Project("{8BC9CEB8-8B4A-11D0-8D11-00A0C91BC942}") = "mc_cadlib", "source\mycad\cadlib\mc_cadlib.vcxproj", "{EC3B2E27-1A15-48E7-A367-B58FB5BFF195}"
EndProject
Project("{8BC9CEB8-8B4A-11D0-8D11-00A0C91BC942}") = "mc_system", "source\mycad\system\mc_system.vcxproj", "{EDF48692-1D1B-4CB7-98E9-276931A91B89}"
	ProjectSection(ProjectDependencies) = postProject
		{D48DBC77-3AD5-4858-834D-F54B21E0B07D} = {D48DBC77-3AD5-4858-834D-F54B21E0B07D}
	EndProjectSection
EndProject
Project("{8BC9CEB8-8B4A-11D0-8D11-00A0C91BC942}") = "mc_cadkernel", "source\mycad\cadkernel\mc_cadkernel.vcxproj", "{442B8D82-1CE3-4DAE-A605-E8F10BD7C46C}"
EndProject
Project("{8BC9CEB8-8B4A-11D0-8D11-00A0C91BC942}") = "mc_windowmanager", "source\mycad\windowmanager\mc_windowmanager.vcxproj", "{26295A14-BC23-4D7D-BD2B-68947CC2866B}"
EndProject
Project("{8BC9CEB8-8B4A-11D0-8D11-00A0C91BC942}") = "mc_intern_charutil", "intern\charutil\mc_intern_charutil.vcxproj", "{BAF3B40E-7E28-4BA5-8170-EF72A8E18CBA}"
EndProject
Project("{8BC9CEB8-8B4A-11D0-8D11-00A0C91BC942}") = "mc_intern_xmlutil", "intern\xmlutil\mc_intern_xmlutil.vcxproj", "{00C18A1F-5631-40A9-B1BB-500218E2AB7D}"
EndProject
Project("{8BC9CEB8-8B4A-11D0-8D11-00A0C91BC942}") = "mc_intern_debug", "intern\debug\mc_intern_debug.vcxproj", "{98288372-99DA-4A1E-959D-FD38213003C5}"
EndProject
Project("{8BC9CEB8-8B4A-11D0-8D11-00A0C91BC942}") = "mc_intern_gl", "intern\gl\mc_intern_gl.vcxproj", "{C804C8F6-C9AF-4C79-8692-7235433FF213}"
EndProject
Project("{8BC9CEB8-8B4A-11D0-8D11-00A0C91BC942}") = "extern_tinyxml", "extern\tinyxml\extern_tinyxml.vcxproj", "{9FAFD0C8-2BE8-4D19-B288-BFBA8045CDD5}"
EndProject
Project("{8BC9CEB8-8B4A-11D0-8D11-00A0C91BC942}") = "extern_libdxfrw", "extern\libdxfrw\extern_libdxfrw.vcxproj", "{0CF5F7C1-FC56-44AA-94CF-E35A17F3C885}"
EndProject
Project("{8BC9CEB8-8B4A-11D0-8D11-00A0C91BC942}") = "extern_libobjrw", "extern\libobjrw\extern_libobjrw.vcxproj", "{3D5B0FDE-3ADB-4357-9492-C3FB291A23D7}"
EndProject
Project("{8BC9CEB8-8B4A-11D0-8D11-00A0C91BC942}") = "mc_editor_dialogs", "source\mycad\editors\dialogs\mc_editor_dialogs.vcxproj", "{C0B43F94-A3FE-4EB6-9096-FEA138F80544}"
EndProject
Project("{8BC9CEB8-8B4A-11D0-8D11-00A0C91BC942}") = "mc_editor_palettes", "source\mycad\editors\palettes\mc_editor_palettes.vcxproj", "{645D3E1D-54E2-4AFB-B80E-466745E5C9B5}"
EndProject
Project("{2150E333-8FDC-42A3-9474-1A3956D46DE8}") = "io", "io", "{64F90479-090A-4140-B9FC-3B78D537957F}"
EndProject
Project("{8BC9CEB8-8B4A-11D0-8D11-00A0C91BC942}") = "mc_io_common", "source\mycad\io\io_common\mc_io_common.vcxproj", "{AE9745A9-CAFE-4678-A96B-E51FF02E1BD0}"
EndProject
Project("{8BC9CEB8-8B4A-11D0-8D11-00A0C91BC942}") = "mc_commandmanager", "source\mycad\commandmanager\mc_commandmanager.vcxproj", "{0EC85B0D-B1BB-4B17-9129-BF4899FD3A5F}"
EndProject
Project("{8BC9CEB8-8B4A-11D0-8D11-00A0C91BC942}") = "mc_editor_windows", "source\mycad\editors\windows\mc_editor_windows.vcxproj", "{FA3F413D-CDCB-4744-952B-40B1B819CB62}"
EndProject
Project("{2150E333-8FDC-42A3-9474-1A3956D46DE8}") = "gui", "gui", "{79F880F8-0459-48CA-83B9-30576B546088}"
EndProject
Project("{8BC9CEB8-8B4A-11D0-8D11-00A0C91BC942}") = "mc_gui_opengl", "source\mycad\gui\opengl\mc_gui_opengl.vcxproj", "{7CEC2939-7492-48F4-91A1-44D9A052BD91}"
EndProject
Project("{8BC9CEB8-8B4A-11D0-8D11-00A0C91BC942}") = "mc_documentmanager", "source\mycad\documentmanager\mc_documentmanager.vcxproj", "{CBD19972-05E4-47B3-9C39-85EE1C3B4CB7}"
EndProject
Project("{8BC9CEB8-8B4A-11D0-8D11-00A0C91BC942}") = "mc_intern_regutil", "intern\regutil\mc_intern_regutil.vcxproj", "{0DCBFA84-C02F-49A2-949C-2B0D9484FEF1}"
EndProject
Project("{8BC9CEB8-8B4A-11D0-8D11-00A0C91BC942}") = "mycaddata", "source\mycad\mycaddata\mycaddata.vcxproj", "{D48DBC77-3AD5-4858-834D-F54B21E0B07D}"
EndProject
Global
	GlobalSection(SolutionConfigurationPlatforms) = preSolution
		Debug|x64 = Debug|x64
		Debug|x86 = Debug|x86
		Release|x64 = Release|x64
		Release|x86 = Release|x86
	EndGlobalSection
	GlobalSection(ProjectConfigurationPlatforms) = postSolution
		{03CE948A-4394-4FAF-9EEC-B92C66B9DB86}.Debug|x64.ActiveCfg = Debug|x64
		{03CE948A-4394-4FAF-9EEC-B92C66B9DB86}.Debug|x64.Build.0 = Debug|x64
		{03CE948A-4394-4FAF-9EEC-B92C66B9DB86}.Debug|x86.ActiveCfg = Debug|Win32
		{03CE948A-4394-4FAF-9EEC-B92C66B9DB86}.Debug|x86.Build.0 = Debug|Win32
		{03CE948A-4394-4FAF-9EEC-B92C66B9DB86}.Release|x64.ActiveCfg = Release|x64
		{03CE948A-4394-4FAF-9EEC-B92C66B9DB86}.Release|x64.Build.0 = Release|x64
		{03CE948A-4394-4FAF-9EEC-B92C66B9DB86}.Release|x86.ActiveCfg = Release|Win32
		{03CE948A-4394-4FAF-9EEC-B92C66B9DB86}.Release|x86.Build.0 = Release|Win32
		{CDF23025-6C19-49D6-A16C-DE4A760A0517}.Debug|x64.ActiveCfg = Debug|x64
		{CDF23025-6C19-49D6-A16C-DE4A760A0517}.Debug|x64.Build.0 = Debug|x64
		{CDF23025-6C19-49D6-A16C-DE4A760A0517}.Debug|x86.ActiveCfg = Debug|Win32
		{CDF23025-6C19-49D6-A16C-DE4A760A0517}.Debug|x86.Build.0 = Debug|Win32
		{CDF23025-6C19-49D6-A16C-DE4A760A0517}.Release|x64.ActiveCfg = Release|x64
		{CDF23025-6C19-49D6-A16C-DE4A760A0517}.Release|x64.Build.0 = Release|x64
		{CDF23025-6C19-49D6-A16C-DE4A760A0517}.Release|x86.ActiveCfg = Release|Win32
		{CDF23025-6C19-49D6-A16C-DE4A760A0517}.Release|x86.Build.0 = Release|Win32
		{C056A5DC-C4B4-43B6-816B-A98AAAC0C72B}.Debug|x64.ActiveCfg = Debug|x64
		{C056A5DC-C4B4-43B6-816B-A98AAAC0C72B}.Debug|x64.Build.0 = Debug|x64
		{C056A5DC-C4B4-43B6-816B-A98AAAC0C72B}.Debug|x86.ActiveCfg = Debug|Win32
		{C056A5DC-C4B4-43B6-816B-A98AAAC0C72B}.Debug|x86.Build.0 = Debug|Win32
		{C056A5DC-C4B4-43B6-816B-A98AAAC0C72B}.Release|x64.ActiveCfg = Release|x64
		{C056A5DC-C4B4-43B6-816B-A98AAAC0C72B}.Release|x64.Build.0 = Release|x64
		{C056A5DC-C4B4-43B6-816B-A98AAAC0C72B}.Release|x86.ActiveCfg = Release|Win32
		{C056A5DC-C4B4-43B6-816B-A98AAAC0C72B}.Release|x86.Build.0 = Release|Win32
		{EC3B2E27-1A15-48E7-A367-B58FB5BFF195}.Debug|x64.ActiveCfg = Debug|x64
		{EC3B2E27-1A15-48E7-A367-B58FB5BFF195}.Debug|x64.Build.0 = Debug|x64
		{EC3B2E27-1A15-48E7-A367-B58FB5BFF195}.Debug|x86.ActiveCfg = Debug|Win32
		{EC3B2E27-1A15-48E7-A367-B58FB5BFF195}.Debug|x86.Build.0 = Debug|Win32
		{EC3B2E27-1A15-48E7-A367-B58FB5BFF195}.Release|x64.ActiveCfg = Release|x64
		{EC3B2E27-1A15-48E7-A367-B58FB5BFF195}.Release|x64.Build.0 = Release|x64
		{EC3B2E27-1A15-48E7-A367-B58FB5BFF195}.Release|x86.ActiveCfg = Release|Win32
		{EC3B2E27-1A15-48E7-A367-B58FB5BFF195}.Release|x86.Build.0 = Release|Win32
		{EDF48692-1D1B-4CB7-98E9-276931A91B89}.Debug|x64.ActiveCfg = Debug|x64
		{EDF48692-1D1B-4CB7-98E9-276931A91B89}.Debug|x64.Build.0 = Debug|x64
		{EDF48692-1D1B-4CB7-98E9-276931A91B89}.Debug|x86.ActiveCfg = Debug|Win32
		{EDF48692-1D1B-4CB7-98E9-276931A91B89}.Debug|x86.Build.0 = Debug|Win32
		{EDF48692-1D1B-4CB7-98E9-276931A91B89}.Release|x64.ActiveCfg = Release|x64
		{EDF48692-1D1B-4CB7-98E9-276931A91B89}.Release|x64.Build.0 = Release|x64
		{EDF48692-1D1B-4CB7-98E9-276931A91B89}.Release|x86.ActiveCfg = Release|Win32
		{EDF48692-1D1B-4CB7-98E9-276931A91B89}.Release|x86.Build.0 = Release|Win32
		{442B8D82-1CE3-4DAE-A605-E8F10BD7C46C}.Debug|x64.ActiveCfg = Debug|x64
		{442B8D82-1CE3-4DAE-A605-E8F10BD7C46C}.Debug|x64.Build.0 = Debug|x64
		{442B8D82-1CE3-4DAE-A605-E8F10BD7C46C}.Debug|x86.ActiveCfg = Debug|Win32
		{442B8D82-1CE3-4DAE-A605-E8F10BD7C46C}.Debug|x86.Build.0 = Debug|Win32
		{442B8D82-1CE3-4DAE-A605-E8F10BD7C46C}.Release|x64.ActiveCfg = Release|x64
		{442B8D82-1CE3-4DAE-A605-E8F10BD7C46C}.Release|x64.Build.0 = Release|x64
		{442B8D82-1CE3-4DAE-A605-E8F10BD7C46C}.Release|x86.ActiveCfg = Release|Win32
		{442B8D82-1CE3-4DAE-A605-E8F10BD7C46C}.Release|x86.Build.0 = Release|Win32
		{26295A14-BC23-4D7D-BD2B-68947CC2866B}.Debug|x64.ActiveCfg = Debug|x64
		{26295A14-BC23-4D7D-BD2B-68947CC2866B}.Debug|x64.Build.0 = Debug|x64
		{26295A14-BC23-4D7D-BD2B-68947CC2866B}.Debug|x86.ActiveCfg = Debug|Win32
		{26295A14-BC23-4D7D-BD2B-68947CC2866B}.Debug|x86.Build.0 = Debug|Win32
		{26295A14-BC23-4D7D-BD2B-68947CC2866B}.Release|x64.ActiveCfg = Release|x64
		{26295A14-BC23-4D7D-BD2B-68947CC2866B}.Release|x64.Build.0 = Release|x64
		{26295A14-BC23-4D7D-BD2B-68947CC2866B}.Release|x86.ActiveCfg = Release|Win32
		{26295A14-BC23-4D7D-BD2B-68947CC2866B}.Release|x86.Build.0 = Release|Win32
		{BAF3B40E-7E28-4BA5-8170-EF72A8E18CBA}.Debug|x64.ActiveCfg = Debug|x64
		{BAF3B40E-7E28-4BA5-8170-EF72A8E18CBA}.Debug|x64.Build.0 = Debug|x64
		{BAF3B40E-7E28-4BA5-8170-EF72A8E18CBA}.Debug|x86.ActiveCfg = Debug|Win32
		{BAF3B40E-7E28-4BA5-8170-EF72A8E18CBA}.Debug|x86.Build.0 = Debug|Win32
		{BAF3B40E-7E28-4BA5-8170-EF72A8E18CBA}.Release|x64.ActiveCfg = Release|x64
		{BAF3B40E-7E28-4BA5-8170-EF72A8E18CBA}.Release|x64.Build.0 = Release|x64
		{BAF3B40E-7E28-4BA5-8170-EF72A8E18CBA}.Release|x86.ActiveCfg = Release|Win32
		{BAF3B40E-7E28-4BA5-8170-EF72A8E18CBA}.Release|x86.Build.0 = Release|Win32
		{00C18A1F-5631-40A9-B1BB-500218E2AB7D}.Debug|x64.ActiveCfg = Debug|x64
		{00C18A1F-5631-40A9-B1BB-500218E2AB7D}.Debug|x64.Build.0 = Debug|x64
		{00C18A1F-5631-40A9-B1BB-500218E2AB7D}.Debug|x86.ActiveCfg = Debug|Win32
		{00C18A1F-5631-40A9-B1BB-500218E2AB7D}.Debug|x86.Build.0 = Debug|Win32
		{00C18A1F-5631-40A9-B1BB-500218E2AB7D}.Release|x64.ActiveCfg = Release|x64
		{00C18A1F-5631-40A9-B1BB-500218E2AB7D}.Release|x64.Build.0 = Release|x64
		{00C18A1F-5631-40A9-B1BB-500218E2AB7D}.Release|x86.ActiveCfg = Release|Win32
		{00C18A1F-5631-40A9-B1BB-500218E2AB7D}.Release|x86.Build.0 = Release|Win32
		{98288372-99DA-4A1E-959D-FD38213003C5}.Debug|x64.ActiveCfg = Debug|x64
		{98288372-99DA-4A1E-959D-FD38213003C5}.Debug|x64.Build.0 = Debug|x64
		{98288372-99DA-4A1E-959D-FD38213003C5}.Debug|x86.ActiveCfg = Debug|Win32
		{98288372-99DA-4A1E-959D-FD38213003C5}.Debug|x86.Build.0 = Debug|Win32
		{98288372-99DA-4A1E-959D-FD38213003C5}.Release|x64.ActiveCfg = Release|x64
		{98288372-99DA-4A1E-959D-FD38213003C5}.Release|x64.Build.0 = Release|x64
		{98288372-99DA-4A1E-959D-FD38213003C5}.Release|x86.ActiveCfg = Release|Win32
		{98288372-99DA-4A1E-959D-FD38213003C5}.Release|x86.Build.0 = Release|Win32
		{C804C8F6-C9AF-4C79-8692-7235433FF213}.Debug|x64.ActiveCfg = Debug|x64
		{C804C8F6-C9AF-4C79-8692-7235433FF213}.Debug|x64.Build.0 = Debug|x64
		{C804C8F6-C9AF-4C79-8692-7235433FF213}.Debug|x86.ActiveCfg = Debug|Win32
		{C804C8F6-C9AF-4C79-8692-7235433FF213}.Debug|x86.Build.0 = Debug|Win32
		{C804C8F6-C9AF-4C79-8692-7235433FF213}.Release|x64.ActiveCfg = Release|x64
		{C804C8F6-C9AF-4C79-8692-7235433FF213}.Release|x64.Build.0 = Release|x64
		{C804C8F6-C9AF-4C79-8692-7235433FF213}.Release|x86.ActiveCfg = Release|Win32
		{C804C8F6-C9AF-4C79-8692-7235433FF213}.Release|x86.Build.0 = Release|Win32
		{9FAFD0C8-2BE8-4D19-B288-BFBA8045CDD5}.Debug|x64.ActiveCfg = Debug|x64
		{9FAFD0C8-2BE8-4D19-B288-BFBA8045CDD5}.Debug|x64.Build.0 = Debug|x64
		{9FAFD0C8-2BE8-4D19-B288-BFBA8045CDD5}.Debug|x86.ActiveCfg = Debug|Win32
		{9FAFD0C8-2BE8-4D19-B288-BFBA8045CDD5}.Debug|x86.Build.0 = Debug|Win32
		{9FAFD0C8-2BE8-4D19-B288-BFBA8045CDD5}.Release|x64.ActiveCfg = Release|x64
		{9FAFD0C8-2BE8-4D19-B288-BFBA8045CDD5}.Release|x64.Build.0 = Release|x64
		{9FAFD0C8-2BE8-4D19-B288-BFBA8045CDD5}.Release|x86.ActiveCfg = Release|Win32
		{9FAFD0C8-2BE8-4D19-B288-BFBA8045CDD5}.Release|x86.Build.0 = Release|Win32
		{0CF5F7C1-FC56-44AA-94CF-E35A17F3C885}.Debug|x64.ActiveCfg = Debug|x64
		{0CF5F7C1-FC56-44AA-94CF-E35A17F3C885}.Debug|x64.Build.0 = Debug|x64
		{0CF5F7C1-FC56-44AA-94CF-E35A17F3C885}.Debug|x86.ActiveCfg = Debug|Win32
		{0CF5F7C1-FC56-44AA-94CF-E35A17F3C885}.Debug|x86.Build.0 = Debug|Win32
		{0CF5F7C1-FC56-44AA-94CF-E35A17F3C885}.Release|x64.ActiveCfg = Release|x64
		{0CF5F7C1-FC56-44AA-94CF-E35A17F3C885}.Release|x64.Build.0 = Release|x64
		{0CF5F7C1-FC56-44AA-94CF-E35A17F3C885}.Release|x86.ActiveCfg = Release|Win32
		{0CF5F7C1-FC56-44AA-94CF-E35A17F3C885}.Release|x86.Build.0 = Release|Win32
		{3D5B0FDE-3ADB-4357-9492-C3FB291A23D7}.Debug|x64.ActiveCfg = Debug|x64
		{3D5B0FDE-3ADB-4357-9492-C3FB291A23D7}.Debug|x64.Build.0 = Debug|x64
		{3D5B0FDE-3ADB-4357-9492-C3FB291A23D7}.Debug|x86.ActiveCfg = Debug|Win32
		{3D5B0FDE-3ADB-4357-9492-C3FB291A23D7}.Debug|x86.Build.0 = Debug|Win32
		{3D5B0FDE-3ADB-4357-9492-C3FB291A23D7}.Release|x64.ActiveCfg = Release|x64
		{3D5B0FDE-3ADB-4357-9492-C3FB291A23D7}.Release|x64.Build.0 = Release|x64
		{3D5B0FDE-3ADB-4357-9492-C3FB291A23D7}.Release|x86.ActiveCfg = Release|Win32
		{3D5B0FDE-3ADB-4357-9492-C3FB291A23D7}.Release|x86.Build.0 = Release|Win32
		{C0B43F94-A3FE-4EB6-9096-FEA138F80544}.Debug|x64.ActiveCfg = Debug|x64
		{C0B43F94-A3FE-4EB6-9096-FEA138F80544}.Debug|x64.Build.0 = Debug|x64
		{C0B43F94-A3FE-4EB6-9096-FEA138F80544}.Debug|x86.ActiveCfg = Debug|Win32
		{C0B43F94-A3FE-4EB6-9096-FEA138F80544}.Debug|x86.Build.0 = Debug|Win32
		{C0B43F94-A3FE-4EB6-9096-FEA138F80544}.Release|x64.ActiveCfg = Release|x64
		{C0B43F94-A3FE-4EB6-9096-FEA138F80544}.Release|x64.Build.0 = Release|x64
		{C0B43F94-A3FE-4EB6-9096-FEA138F80544}.Release|x86.ActiveCfg = Release|Win32
		{C0B43F94-A3FE-4EB6-9096-FEA138F80544}.Release|x86.Build.0 = Release|Win32
		{645D3E1D-54E2-4AFB-B80E-466745E5C9B5}.Debug|x64.ActiveCfg = Debug|x64
		{645D3E1D-54E2-4AFB-B80E-466745E5C9B5}.Debug|x64.Build.0 = Debug|x64
		{645D3E1D-54E2-4AFB-B80E-466745E5C9B5}.Debug|x86.ActiveCfg = Debug|Win32
		{645D3E1D-54E2-4AFB-B80E-466745E5C9B5}.Debug|x86.Build.0 = Debug|Win32
		{645D3E1D-54E2-4AFB-B80E-466745E5C9B5}.Release|x64.ActiveCfg = Release|x64
		{645D3E1D-54E2-4AFB-B80E-466745E5C9B5}.Release|x64.Build.0 = Release|x64
		{645D3E1D-54E2-4AFB-B80E-466745E5C9B5}.Release|x86.ActiveCfg = Release|Win32
		{645D3E1D-54E2-4AFB-B80E-466745E5C9B5}.Release|x86.Build.0 = Release|Win32
		{AE9745A9-CAFE-4678-A96B-E51FF02E1BD0}.Debug|x64.ActiveCfg = Debug|x64
		{AE9745A9-CAFE-4678-A96B-E51FF02E1BD0}.Debug|x64.Build.0 = Debug|x64
		{AE9745A9-CAFE-4678-A96B-E51FF02E1BD0}.Debug|x86.ActiveCfg = Debug|Win32
		{AE9745A9-CAFE-4678-A96B-E51FF02E1BD0}.Debug|x86.Build.0 = Debug|Win32
		{AE9745A9-CAFE-4678-A96B-E51FF02E1BD0}.Release|x64.ActiveCfg = Release|x64
		{AE9745A9-CAFE-4678-A96B-E51FF02E1BD0}.Release|x64.Build.0 = Release|x64
		{AE9745A9-CAFE-4678-A96B-E51FF02E1BD0}.Release|x86.ActiveCfg = Release|Win32
		{AE9745A9-CAFE-4678-A96B-E51FF02E1BD0}.Release|x86.Build.0 = Release|Win32
		{0EC85B0D-B1BB-4B17-9129-BF4899FD3A5F}.Debug|x64.ActiveCfg = Debug|x64
		{0EC85B0D-B1BB-4B17-9129-BF4899FD3A5F}.Debug|x64.Build.0 = Debug|x64
		{0EC85B0D-B1BB-4B17-9129-BF4899FD3A5F}.Debug|x86.ActiveCfg = Debug|Win32
		{0EC85B0D-B1BB-4B17-9129-BF4899FD3A5F}.Debug|x86.Build.0 = Debug|Win32
		{0EC85B0D-B1BB-4B17-9129-BF4899FD3A5F}.Release|x64.ActiveCfg = Release|x64
		{0EC85B0D-B1BB-4B17-9129-BF4899FD3A5F}.Release|x64.Build.0 = Release|x64
		{0EC85B0D-B1BB-4B17-9129-BF4899FD3A5F}.Release|x86.ActiveCfg = Release|Win32
		{0EC85B0D-B1BB-4B17-9129-BF4899FD3A5F}.Release|x86.Build.0 = Release|Win32
		{FA3F413D-CDCB-4744-952B-40B1B819CB62}.Debug|x64.ActiveCfg = Debug|x64
		{FA3F413D-CDCB-4744-952B-40B1B819CB62}.Debug|x64.Build.0 = Debug|x64
		{FA3F413D-CDCB-4744-952B-40B1B819CB62}.Debug|x86.ActiveCfg = Debug|Win32
		{FA3F413D-CDCB-4744-952B-40B1B819CB62}.Debug|x86.Build.0 = Debug|Win32
		{FA3F413D-CDCB-4744-952B-40B1B819CB62}.Release|x64.ActiveCfg = Release|x64
		{FA3F413D-CDCB-4744-952B-40B1B819CB62}.Release|x64.Build.0 = Release|x64
		{FA3F413D-CDCB-4744-952B-40B1B819CB62}.Release|x86.ActiveCfg = Release|Win32
		{FA3F413D-CDCB-4744-952B-40B1B819CB62}.Release|x86.Build.0 = Release|Win32
		{7CEC2939-7492-48F4-91A1-44D9A052BD91}.Debug|x64.ActiveCfg = Debug|x64
		{7CEC2939-7492-48F4-91A1-44D9A052BD91}.Debug|x64.Build.0 = Debug|x64
		{7CEC2939-7492-48F4-91A1-44D9A052BD91}.Debug|x86.ActiveCfg = Debug|Win32
		{7CEC2939-7492-48F4-91A1-44D9A052BD91}.Debug|x86.Build.0 = Debug|Win32
		{7CEC2939-7492-48F4-91A1-44D9A052BD91}.Release|x64.ActiveCfg = Release|x64
		{7CEC2939-7492-48F4-91A1-44D9A052BD91}.Release|x64.Build.0 = Release|x64
		{7CEC2939-7492-48F4-91A1-44D9A052BD91}.Release|x86.ActiveCfg = Release|Win32
		{7CEC2939-7492-48F4-91A1-44D9A052BD91}.Release|x86.Build.0 = Release|Win32
		{CBD19972-05E4-47B3-9C39-85EE1C3B4CB7}.Debug|x64.ActiveCfg = Debug|x64
		{CBD19972-05E4-47B3-9C39-85EE1C3B4CB7}.Debug|x64.Build.0 = Debug|x64
		{CBD19972-05E4-47B3-9C39-85EE1C3B4CB7}.Debug|x86.ActiveCfg = Debug|Win32
		{CBD19972-05E4-47B3-9C39-85EE1C3B4CB7}.Debug|x86.Build.0 = Debug|Win32
		{CBD19972-05E4-47B3-9C39-85EE1C3B4CB7}.Release|x64.ActiveCfg = Release|x64
		{CBD19972-05E4-47B3-9C39-85EE1C3B4CB7}.Release|x64.Build.0 = Release|x64
		{CBD19972-05E4-47B3-9C39-85EE1C3B4CB7}.Release|x86.ActiveCfg = Release|Win32
		{CBD19972-05E4-47B3-9C39-85EE1C3B4CB7}.Release|x86.Build.0 = Release|Win32
		{0DCBFA84-C02F-49A2-949C-2B0D9484FEF1}.Debug|x64.ActiveCfg = Debug|x64
		{0DCBFA84-C02F-49A2-949C-2B0D9484FEF1}.Debug|x64.Build.0 = Debug|x64
		{0DCBFA84-C02F-49A2-949C-2B0D9484FEF1}.Debug|x86.ActiveCfg = Debug|Win32
		{0DCBFA84-C02F-49A2-949C-2B0D9484FEF1}.Debug|x86.Build.0 = Debug|Win32
		{0DCBFA84-C02F-49A2-949C-2B0D9484FEF1}.Release|x64.ActiveCfg = Release|x64
		{0DCBFA84-C02F-49A2-949C-2B0D9484FEF1}.Release|x64.Build.0 = Release|x64
		{0DCBFA84-C02F-49A2-949C-2B0D9484FEF1}.Release|x86.ActiveCfg = Release|Win32
		{0DCBFA84-C02F-49A2-949C-2B0D9484FEF1}.Release|x86.Build.0 = Release|Win32
		{D48DBC77-3AD5-4858-834D-F54B21E0B07D}.Debug|x64.ActiveCfg = Debug|x64
		{D48DBC77-3AD5-4858-834D-F54B21E0B07D}.Debug|x64.Build.0 = Debug|x64
		{D48DBC77-3AD5-4858-834D-F54B21E0B07D}.Debug|x86.ActiveCfg = Debug|Win32
		{D48DBC77-3AD5-4858-834D-F54B21E0B07D}.Debug|x86.Build.0 = Debug|Win32
		{D48DBC77-3AD5-4858-834D-F54B21E0B07D}.Release|x64.ActiveCfg = Release|x64
		{D48DBC77-3AD5-4858-834D-F54B21E0B07D}.Release|x64.Build.0 = Release|x64
		{D48DBC77-3AD5-4858-834D-F54B21E0B07D}.Release|x86.ActiveCfg = Release|Win32
		{D48DBC77-3AD5-4858-834D-F54B21E0B07D}.Release|x86.Build.0 = Release|Win32
	EndGlobalSection
	GlobalSection(SolutionProperties) = preSolution
		HideSolutionNode = FALSE
	EndGlobalSection
	GlobalSection(NestedProjects) = preSolution
		{7ED7DE70-F589-4230-99AE-EBF6F903F04C} = {4E60903F-19E6-4A6C-BC2F-B571624AEC3B}
		{2F1FF3B7-B1BF-46E5-9536-EF26949D61C7} = {7ED7DE70-F589-4230-99AE-EBF6F903F04C}
		{CDF23025-6C19-49D6-A16C-DE4A760A0517} = {7ED7DE70-F589-4230-99AE-EBF6F903F04C}
		{C056A5DC-C4B4-43B6-816B-A98AAAC0C72B} = {7ED7DE70-F589-4230-99AE-EBF6F903F04C}
		{EC3B2E27-1A15-48E7-A367-B58FB5BFF195} = {7ED7DE70-F589-4230-99AE-EBF6F903F04C}
		{EDF48692-1D1B-4CB7-98E9-276931A91B89} = {7ED7DE70-F589-4230-99AE-EBF6F903F04C}
		{442B8D82-1CE3-4DAE-A605-E8F10BD7C46C} = {7ED7DE70-F589-4230-99AE-EBF6F903F04C}
		{26295A14-BC23-4D7D-BD2B-68947CC2866B} = {7ED7DE70-F589-4230-99AE-EBF6F903F04C}
		{BAF3B40E-7E28-4BA5-8170-EF72A8E18CBA} = {492A94C1-522D-4AAD-BD19-F5A4F3751E25}
		{00C18A1F-5631-40A9-B1BB-500218E2AB7D} = {492A94C1-522D-4AAD-BD19-F5A4F3751E25}
		{98288372-99DA-4A1E-959D-FD38213003C5} = {492A94C1-522D-4AAD-BD19-F5A4F3751E25}
		{C804C8F6-C9AF-4C79-8692-7235433FF213} = {492A94C1-522D-4AAD-BD19-F5A4F3751E25}
		{9FAFD0C8-2BE8-4D19-B288-BFBA8045CDD5} = {812BDE7A-BBD1-47BB-873C-F3D523FAA7BB}
		{0CF5F7C1-FC56-44AA-94CF-E35A17F3C885} = {812BDE7A-BBD1-47BB-873C-F3D523FAA7BB}
		{3D5B0FDE-3ADB-4357-9492-C3FB291A23D7} = {812BDE7A-BBD1-47BB-873C-F3D523FAA7BB}
		{C0B43F94-A3FE-4EB6-9096-FEA138F80544} = {2F1FF3B7-B1BF-46E5-9536-EF26949D61C7}
		{645D3E1D-54E2-4AFB-B80E-466745E5C9B5} = {2F1FF3B7-B1BF-46E5-9536-EF26949D61C7}
		{64F90479-090A-4140-B9FC-3B78D537957F} = {7ED7DE70-F589-4230-99AE-EBF6F903F04C}
		{AE9745A9-CAFE-4678-A96B-E51FF02E1BD0} = {64F90479-090A-4140-B9FC-3B78D537957F}
		{0EC85B0D-B1BB-4B17-9129-BF4899FD3A5F} = {7ED7DE70-F589-4230-99AE-EBF6F903F04C}
		{FA3F413D-CDCB-4744-952B-40B1B819CB62} = {2F1FF3B7-B1BF-46E5-9536-EF26949D61C7}
		{79F880F8-0459-48CA-83B9-30576B546088} = {7ED7DE70-F589-4230-99AE-EBF6F903F04C}
		{7CEC2939-7492-48F4-91A1-44D9A052BD91} = {79F880F8-0459-48CA-83B9-30576B546088}
		{CBD19972-05E4-47B3-9C39-85EE1C3B4CB7} = {7ED7DE70-F589-4230-99AE-EBF6F903F04C}
		{0DCBFA84-C02F-49A2-949C-2B0D9484FEF1} = {492A94C1-522D-4AAD-BD19-F5A4F3751E25}
	EndGlobalSection
	GlobalSection(ExtensibilityGlobals) = postSolution
		SolutionGuid = {72D3607D-2C27-419C-B1DF-DD78E9B5171B}
	EndGlobalSection
EndGlobal
