<?xml version="1.0" encoding="utf-8"?>
<Project ToolsVersion="4.0" xmlns="http://schemas.microsoft.com/developer/msbuild/2003">
  <ItemGroup>
    <Filter Include="Header Files">
      <UniqueIdentifier>{93995380-89BD-4b04-88EB-625FBE52EBFB}</UniqueIdentifier>
      <Extensions>h;hh;hpp;hxx;h++;hm;inl;inc;ipp;xsd</Extensions>
    </Filter>
    <Filter Include="Resource Files">
      <UniqueIdentifier>{67DA6AB6-F800-4c08-8B7A-83BB121AAD01}</UniqueIdentifier>
      <Extensions>rc;ico;cur;bmp;dlg;rc2;rct;bin;rgs;gif;jpg;jpeg;jpe;resx;tiff;tif;png;wav;mfcribbon-ms</Extensions>
    </Filter>
    <Filter Include="Source Files">
      <UniqueIdentifier>{4FC737F1-C7A5-4376-A066-2A32D752A2FF}</UniqueIdentifier>
      <Extensions>cpp;c;cc;cxx;c++;cppm;ixx;def;odl;idl;hpj;bat;asm;asmx</Extensions>
    </Filter>
  </ItemGroup>
  <ItemGroup>
    <ClInclude Include="DRW_layout.h">
      <Filter>Header Files</Filter>
    </ClInclude>
    <ClInclude Include="DRW_rendercontext.h">
      <Filter>Header Files</Filter>
    </ClInclude>
    <ClInclude Include="DRW_space.h">
      <Filter>Header Files</Filter>
    </ClInclude>
    <ClInclude Include="DRW_layoutmanager.h">
      <Filter>Header Files</Filter>
    </ClInclude>
    <ClInclude Include="DRW_viewportmanager.h">
      <Filter>Header Files</Filter>
    </ClInclude>
    <ClInclude Include="DRW_camera.h">
      <Filter>Header Files</Filter>
    </ClInclude>
    <ClInclude Include="DRW_viewport.h">
      <Filter>Header Files</Filter>
    </ClInclude>
    <ClInclude Include="DRW_glrendercontext.h">
      <Filter>Header Files</Filter>
    </ClInclude>
    <ClInclude Include="DRW_glrenderthread.h">
      <Filter>Header Files</Filter>
    </ClInclude>
    <ClInclude Include="DRW_view.h">
      <Filter>Header Files</Filter>
    </ClInclude>
    <ClInclude Include="DRW_viewmanager.h">
      <Filter>Header Files</Filter>
    </ClInclude>
    <ClInclude Include="DRW_layermanager.h">
      <Filter>Header Files</Filter>
    </ClInclude>
    <ClInclude Include="DRW_layer.h">
      <Filter>Header Files</Filter>
    </ClInclude>
  </ItemGroup>
  <ItemGroup>
    <ClCompile Include="DRW_layout.cpp">
      <Filter>Source Files</Filter>
    </ClCompile>
    <ClCompile Include="DRW_space.cpp">
      <Filter>Source Files</Filter>
    </ClCompile>
    <ClCompile Include="DRW_layoutmanager.cpp">
      <Filter>Source Files</Filter>
    </ClCompile>
    <ClCompile Include="DRW_viewportmanager.cpp">
      <Filter>Source Files</Filter>
    </ClCompile>
    <ClCompile Include="DRW_camera.cpp">
      <Filter>Source Files</Filter>
    </ClCompile>
    <ClCompile Include="DRW_viewport.cpp">
      <Filter>Source Files</Filter>
    </ClCompile>
    <ClCompile Include="DRW_glrendercontext.cpp">
      <Filter>Source Files</Filter>
    </ClCompile>
    <ClCompile Include="DRW_glrenderthread.cpp">
      <Filter>Source Files</Filter>
    </ClCompile>
    <ClCompile Include="DRW_view.cpp">
      <Filter>Source Files</Filter>
    </ClCompile>
    <ClCompile Include="DRW_viewmanager.cpp">
      <Filter>Source Files</Filter>
    </ClCompile>
    <ClCompile Include="DRW_layermanager.cpp">
      <Filter>Source Files</Filter>
    </ClCompile>
    <ClCompile Include="DRW_layer.cpp">
      <Filter>Source Files</Filter>
    </ClCompile>
  </ItemGroup>
</Project>